// !$*UTF8*$!
{
	archiveVersion = 1;
	classes = {
	};
	objectVersion = 55;
	objects = {

/* Begin PBXBuildFile section */
		AF61BFAB28B9386B005ACAEA /* MovieBrowserNetworkingTrialApp.swift in Sources */ = {isa = PBXBuildFile; fileRef = AF61BFAA28B9386B005ACAEA /* MovieBrowserNetworkingTrialApp.swift */; };
		AF61BFAD28B9386B005ACAEA /* ContentView.swift in Sources */ = {isa = PBXBuildFile; fileRef = AF61BFAC28B9386B005ACAEA /* ContentView.swift */; };
		AF61BFAF28B9386C005ACAEA /* Assets.xcassets in Resources */ = {isa = PBXBuildFile; fileRef = AF61BFAE28B9386C005ACAEA /* Assets.xcassets */; };
		AF61BFB228B9386C005ACAEA /* Preview Assets.xcassets in Resources */ = {isa = PBXBuildFile; fileRef = AF61BFB128B9386C005ACAEA /* Preview Assets.xcassets */; };
		AF61BFB928B9389A005ACAEA /* Webservice.swift in Sources */ = {isa = PBXBuildFile; fileRef = AF61BFB828B9389A005ACAEA /* Webservice.swift */; };
		AF61BFBB28B938DC005ACAEA /* Movie.swift in Sources */ = {isa = PBXBuildFile; fileRef = AF61BFBA28B938DC005ACAEA /* Movie.swift */; };
		AF61BFBD28B93D0A005ACAEA /* MovieListViewModel.swift in Sources */ = {isa = PBXBuildFile; fileRef = AF61BFBC28B93D0A005ACAEA /* MovieListViewModel.swift */; };
/* End PBXBuildFile section */

/* Begin PBXFileReference section */
		AF61BFA728B9386B005ACAEA /* MovieBrowserNetworkingTrial.app */ = {isa = PBXFileReference; explicitFileType = wrapper.application; includeInIndex = 0; path = MovieBrowserNetworkingTrial.app; sourceTree = BUILT_PRODUCTS_DIR; };
		AF61BFAA28B9386B005ACAEA /* MovieBrowserNetworkingTrialApp.swift */ = {isa = PBXFileReference; lastKnownFileType = sourcecode.swift; path = MovieBrowserNetworkingTrialApp.swift; sourceTree = "<group>"; };
		AF61BFAC28B9386B005ACAEA /* ContentView.swift */ = {isa = PBXFileReference; lastKnownFileType = sourcecode.swift; path = ContentView.swift; sourceTree = "<group>"; };
		AF61BFAE28B9386C005ACAEA /* Assets.xcassets */ = {isa = PBXFileReference; lastKnownFileType = folder.assetcatalog; path = Assets.xcassets; sourceTree = "<group>"; };
		AF61BFB128B9386C005ACAEA /* Preview Assets.xcassets */ = {isa = PBXFileReference; lastKnownFileType = folder.assetcatalog; path = "Preview Assets.xcassets"; sourceTree = "<group>"; };
		AF61BFB828B9389A005ACAEA /* Webservice.swift */ = {isa = PBXFileReference; lastKnownFileType = sourcecode.swift; path = Webservice.swift; sourceTree = "<group>"; };
		AF61BFBA28B938DC005ACAEA /* Movie.swift */ = {isa = PBXFileReference; lastKnownFileType = sourcecode.swift; path = Movie.swift; sourceTree = "<group>"; };
		AF61BFBC28B93D0A005ACAEA /* MovieListViewModel.swift */ = {isa = PBXFileReference; lastKnownFileType = sourcecode.swift; path = MovieListViewModel.swift; sourceTree = "<group>"; };
		AF61BFBE28B9427D005ACAEA /* Info.plist */ = {isa = PBXFileReference; lastKnownFileType = text.plist; path = Info.plist; sourceTree = "<group>"; };
/* End PBXFileReference section */

/* Begin PBXFrameworksBuildPhase section */
		AF61BFA428B9386B005ACAEA /* Frameworks */ = {
			isa = PBXFrameworksBuildPhase;
			buildActionMask = 2147483647;
			files = (
			);
			runOnlyForDeploymentPostprocessing = 0;
		};
/* End PBXFrameworksBuildPhase section */

/* Begin PBXGroup section */
		AF61BF9E28B9386B005ACAEA = {
			isa = PBXGroup;
			children = (
				AF61BFA928B9386B005ACAEA /* MovieBrowserNetworkingTrial */,
				AF61BFA828B9386B005ACAEA /* Products */,
			);
			sourceTree = "<group>";
		};
		AF61BFA828B9386B005ACAEA /* Products */ = {
			isa = PBXGroup;
			children = (
				AF61BFA728B9386B005ACAEA /* MovieBrowserNetworkingTrial.app */,
			);
			name = Products;
			sourceTree = "<group>";
		};
		AF61BFA928B9386B005ACAEA /* MovieBrowserNetworkingTrial */ = {
			isa = PBXGroup;
			children = (
				AF61BFBE28B9427D005ACAEA /* Info.plist */,
				AF61BFAA28B9386B005ACAEA /* MovieBrowserNetworkingTrialApp.swift */,
				AF61BFAC28B9386B005ACAEA /* ContentView.swift */,
				AF61BFAE28B9386C005ACAEA /* Assets.xcassets */,
				AF61BFB828B9389A005ACAEA /* Webservice.swift */,
				AF61BFBA28B938DC005ACAEA /* Movie.swift */,
				AF61BFBC28B93D0A005ACAEA /* MovieListViewModel.swift */,
				AF61BFB028B9386C005ACAEA /* Preview Content */,
			);
			path = MovieBrowserNetworkingTrial;
			sourceTree = "<group>";
		};
		AF61BFB028B9386C005ACAEA /* Preview Content */ = {
			isa = PBXGroup;
			children = (
				AF61BFB128B9386C005ACAEA /* Preview Assets.xcassets */,
			);
			path = "Preview Content";
			sourceTree = "<group>";
		};
/* End PBXGroup section */

/* Begin PBXNativeTarget section */
		AF61BFA628B9386B005ACAEA /* MovieBrowserNetworkingTrial */ = {
			isa = PBXNativeTarget;
			buildConfigurationList = AF61BFB528B9386C005ACAEA /* Build configuration list for PBXNativeTarget "MovieBrowserNetworkingTrial" */;
			buildPhases = (
				AF61BFA328B9386B005ACAEA /* Sources */,
				AF61BFA428B9386B005ACAEA /* Frameworks */,
				AF61BFA528B9386B005ACAEA /* Resources */,
			);
			buildRules = (
			);
			dependencies = (
			);
			name = MovieBrowserNetworkingTrial;
			productName = MovieBrowserNetworkingTrial;
			productReference = AF61BFA728B9386B005ACAEA /* MovieBrowserNetworkingTrial.app */;
			productType = "com.apple.product-type.application";
		};
/* End PBXNativeTarget section */

/* Begin PBXProject section */
		AF61BF9F28B9386B005ACAEA /* Project object */ = {
			isa = PBXProject;
			attributes = {
				BuildIndependentTargetsInParallel = 1;
				LastSwiftUpdateCheck = 1340;
				LastUpgradeCheck = 1340;
				TargetAttributes = {
					AF61BFA628B9386B005ACAEA = {
						CreatedOnToolsVersion = 13.4.1;
					};
				};
			};
			buildConfigurationList = AF61BFA228B9386B005ACAEA /* Build configuration list for PBXProject "MovieBrowserNetworkingTrial" */;
			compatibilityVersion = "Xcode 13.0";
			developmentRegion = en;
			hasScannedForEncodings = 0;
			knownRegions = (
				en,
				Base,
			);
			mainGroup = AF61BF9E28B9386B005ACAEA;
			productRefGroup = AF61BFA828B9386B005ACAEA /* Products */;
			projectDirPath = "";
			projectRoot = "";
			targets = (
				AF61BFA628B9386B005ACAEA /* MovieBrowserNetworkingTrial */,
			);
		};
/* End PBXProject section */

/* Begin PBXResourcesBuildPhase section */
		AF61BFA528B9386B005ACAEA /* Resources */ = {
			isa = PBXResourcesBuildPhase;
			buildActionMask = 2147483647;
			files = (
				AF61BFB228B9386C005ACAEA /* Preview Assets.xcassets in Resources */,
				AF61BFAF28B9386C005ACAEA /* Assets.xcassets in Resources */,
			);
			runOnlyForDeploymentPostprocessing = 0;
		};
/* End PBXResourcesBuildPhase section */

/* Begin PBXSourcesBuildPhase section */
		AF61BFA328B9386B005ACAEA /* Sources */ = {
			isa = PBXSourcesBuildPhase;
			buildActionMask = 2147483647;
			files = (
				AF61BFAD28B9386B005ACAEA /* ContentView.swift in Sources */,
				AF61BFAB28B9386B005ACAEA /* MovieBrowserNetworkingTrialApp.swift in Sources */,
				AF61BFBB28B938DC005ACAEA /* Movie.swift in Sources */,
				AF61BFB928B9389A005ACAEA /* Webservice.swift in Sources */,
				AF61BFBD28B93D0A005ACAEA /* MovieListViewModel.swift in Sources */,
			);
			runOnlyForDeploymentPostprocessing = 0;
		};
/* End PBXSourcesBuildPhase section */

/* Begin XCBuildConfiguration section */
		AF61BFB328B9386C005ACAEA /* Debug */ = {
			isa = XCBuildConfiguration;
			buildSettings = {
				ALWAYS_SEARCH_USER_PATHS = NO;
				CLANG_ANALYZER_NONNULL = YES;
				CLANG_ANALYZER_NUMBER_OBJECT_CONVERSION = YES_AGGRESSIVE;
				CLANG_CXX_LANGUAGE_STANDARD = "gnu++17";
				CLANG_ENABLE_MODULES = YES;
				CLANG_ENABLE_OBJC_ARC = YES;
				CLANG_ENABLE_OBJC_WEAK = YES;
				CLANG_WARN_BLOCK_CAPTURE_AUTORELEASING = YES;
				CLANG_WARN_BOOL_CONVERSION = YES;
				CLANG_WARN_COMMA = YES;
				CLANG_WARN_CONSTANT_CONVERSION = YES;
				CLANG_WARN_DEPRECATED_OBJC_IMPLEMENTATIONS = YES;
				CLANG_WARN_DIRECT_OBJC_ISA_USAGE = YES_ERROR;
				CLANG_WARN_DOCUMENTATION_COMMENTS = YES;
				CLANG_WARN_EMPTY_BODY = YES;
				CLANG_WARN_ENUM_CONVERSION = YES;
				CLANG_WARN_INFINITE_RECURSION = YES;
				CLANG_WARN_INT_CONVERSION = YES;
				CLANG_WARN_NON_LITERAL_NULL_CONVERSION = YES;
				CLANG_WARN_OBJC_IMPLICIT_RETAIN_SELF = YES;
				CLANG_WARN_OBJC_LITERAL_CONVERSION = YES;
				CLANG_WARN_OBJC_ROOT_CLASS = YES_ERROR;
				CLANG_WARN_QUOTED_INCLUDE_IN_FRAMEWORK_HEADER = YES;
				CLANG_WARN_RANGE_LOOP_ANALYSIS = YES;
				CLANG_WARN_STRICT_PROTOTYPES = YES;
				CLANG_WARN_SUSPICIOUS_MOVE = YES;
				CLANG_WARN_UNGUARDED_AVAILABILITY = YES_AGGRESSIVE;
				CLANG_WARN_UNREACHABLE_CODE = YES;
				CLANG_WARN__DUPLICATE_METHOD_MATCH = YES;
				COPY_PHASE_STRIP = NO;
				DEBUG_INFORMATION_FORMAT = dwarf;
				ENABLE_STRICT_OBJC_MSGSEND = YES;
				ENABLE_TESTABILITY = YES;
				GCC_C_LANGUAGE_STANDARD = gnu11;
				GCC_DYNAMIC_NO_PIC = NO;
				GCC_NO_COMMON_BLOCKS = YES;
				GCC_OPTIMIZATION_LEVEL = 0;
				GCC_PREPROCESSOR_DEFINITIONS = (
					"DEBUG=1",
					"$(inherited)",
				);
				GCC_WARN_64_TO_32_BIT_CONVERSION = YES;
				GCC_WARN_ABOUT_RETURN_TYPE = YES_ERROR;
				GCC_WARN_UNDECLARED_SELECTOR = YES;
				GCC_WARN_UNINITIALIZED_AUTOS = YES_AGGRESSIVE;
				GCC_WARN_UNUSED_FUNCTION = YES;
				GCC_WARN_UNUSED_VARIABLE = YES;
				IPHONEOS_DEPLOYMENT_TARGET = 15.5;
				MTL_ENABLE_DEBUG_INFO = INCLUDE_SOURCE;
				MTL_FAST_MATH = YES;
				ONLY_ACTIVE_ARCH = YES;
				SDKROOT = iphoneos;
				SWIFT_ACTIVE_COMPILATION_CONDITIONS = DEBUG;
				SWIFT_OPTIMIZATION_LEVEL = "-Onone";
			};
			name = Debug;
		};
		AF61BFB428B9386C005ACAEA /* Release */ = {
			isa = XCBuildConfiguration;
			buildSettings = {
				ALWAYS_SEARCH_USER_PATHS = NO;
				CLANG_ANALYZER_NONNULL = YES;
				CLANG_ANALYZER_NUMBER_OBJECT_CONVERSION = YES_AGGRESSIVE;
				CLANG_CXX_LANGUAGE_STANDARD = "gnu++17";
				CLANG_ENABLE_MODULES = YES;
				CLANG_ENABLE_OBJC_ARC = YES;
				CLANG_ENABLE_OBJC_WEAK = YES;
				CLANG_WARN_BLOCK_CAPTURE_AUTORELEASING = YES;
				CLANG_WARN_BOOL_CONVERSION = YES;
				CLANG_WARN_COMMA = YES;
				CLANG_WARN_CONSTANT_CONVERSION = YES;
				CLANG_WARN_DEPRECATED_OBJC_IMPLEMENTATIONS = YES;
				CLANG_WARN_DIRECT_OBJC_ISA_USAGE = YES_ERROR;
				CLANG_WARN_DOCUMENTATION_COMMENTS = YES;
				CLANG_WARN_EMPTY_BODY = YES;
				CLANG_WARN_ENUM_CONVERSION = YES;
				CLANG_WARN_INFINITE_RECURSION = YES;
				CLANG_WARN_INT_CONVERSION = YES;
				CLANG_WARN_NON_LITERAL_NULL_CONVERSION = YES;
				CLANG_WARN_OBJC_IMPLICIT_RETAIN_SELF = YES;
				CLANG_WARN_OBJC_LITERAL_CONVERSION = YES;
				CLANG_WARN_OBJC_ROOT_CLASS = YES_ERROR;
				CLANG_WARN_QUOTED_INCLUDE_IN_FRAMEWORK_HEADER = YES;
				CLANG_WARN_RANGE_LOOP_ANALYSIS = YES;
				CLANG_WARN_STRICT_PROTOTYPES = YES;
				CLANG_WARN_SUSPICIOUS_MOVE = YES;
				CLANG_WARN_UNGUARDED_AVAILABILITY = YES_AGGRESSIVE;
				CLANG_WARN_UNREACHABLE_CODE = YES;
				CLANG_WARN__DUPLICATE_METHOD_MATCH = YES;
				COPY_PHASE_STRIP = NO;
				DEBUG_INFORMATION_FORMAT = "dwarf-with-dsym";
				ENABLE_NS_ASSERTIONS = NO;
				ENABLE_STRICT_OBJC_MSGSEND = YES;
				GCC_C_LANGUAGE_STANDARD = gnu11;
				GCC_NO_COMMON_BLOCKS = YES;
				GCC_WARN_64_TO_32_BIT_CONVERSION = YES;
				GCC_WARN_ABOUT_RETURN_TYPE = YES_ERROR;
				GCC_WARN_UNDECLARED_SELECTOR = YES;
				GCC_WARN_UNINITIALIZED_AUTOS = YES_AGGRESSIVE;
				GCC_WARN_UNUSED_FUNCTION = YES;
				GCC_WARN_UNUSED_VARIABLE = YES;
				IPHONEOS_DEPLOYMENT_TARGET = 15.5;
				MTL_ENABLE_DEBUG_INFO = NO;
				MTL_FAST_MATH = YES;
				SDKROOT = iphoneos;
				SWIFT_COMPILATION_MODE = wholemodule;
				SWIFT_OPTIMIZATION_LEVEL = "-O";
				VALIDATE_PRODUCT = YES;
			};
			name = Release;
		};
		AF61BFB628B9386C005ACAEA /* Debug */ = {
			isa = XCBuildConfiguration;
			buildSettings = {
				ASSETCATALOG_COMPILER_APPICON_NAME = AppIcon;
				ASSETCATALOG_COMPILER_GLOBAL_ACCENT_COLOR_NAME = AccentColor;
				CODE_SIGN_STYLE = Automatic;
				CURRENT_PROJECT_VERSION = 1;
				DEVELOPMENT_ASSET_PATHS = "\"MovieBrowserNetworkingTrial/Preview Content\"";
				DEVELOPMENT_TEAM = 8369TNNCWH;
				ENABLE_PREVIEWS = YES;
				GENERATE_INFOPLIST_FILE = YES;
				INFOPLIST_FILE = MovieBrowserNetworkingTrial/Info.plist;
				INFOPLIST_KEY_UIApplicationSceneManifest_Generation = YES;
				INFOPLIST_KEY_UIApplicationSupportsIndirectInputEvents = YES;
				INFOPLIST_KEY_UILaunchScreen_Generation = YES;
				INFOPLIST_KEY_UISupportedInterfaceOrientations_iPad = "UIInterfaceOrientationPortrait UIInterfaceOrientationPortraitUpsideDown UIInterfaceOrientationLandscapeLeft UIInterfaceOrientationLandscapeRight";
				INFOPLIST_KEY_UISupportedInterfaceOrientations_iPhone = "UIInterfaceOrientationPortrait UIInterfaceOrientationLandscapeLeft UIInterfaceOrientationLandscapeRight";
				LD_RUNPATH_SEARCH_PATHS = (
					"$(inherited)",
					"@executable_path/Frameworks",
				);
				MARKETING_VERSION = 1.0;
				PRODUCT_BUNDLE_IDENTIFIER = me.schwartz.marc.MovieBrowserNetworkingTrial;
				PRODUCT_NAME = "$(TARGET_NAME)";
				SWIFT_EMIT_LOC_STRINGS = YES;
				SWIFT_VERSION = 5.0;
				TARGETED_DEVICE_FAMILY = "1,2";
			};
			name = Debug;
		};
		AF61BFB728B9386C005ACAEA /* Release */ = {
			isa = XCBuildConfiguration;
			buildSettings = {
				ASSETCATALOG_COMPILER_APPICON_NAME = AppIcon;
				ASSETCATALOG_COMPILER_GLOBAL_ACCENT_COLOR_NAME = AccentColor;
				CODE_SIGN_STYLE = Automatic;
				CURRENT_PROJECT_VERSION = 1;
				DEVELOPMENT_ASSET_PATHS = "\"MovieBrowserNetworkingTrial/Preview Content\"";
				DEVELOPMENT_TEAM = 8369TNNCWH;
				ENABLE_PREVIEWS = YES;
				GENERATE_INFOPLIST_FILE = YES;
				INFOPLIST_FILE = MovieBrowserNetworkingTrial/Info.plist;
				INFOPLIST_KEY_UIApplicationSceneManifest_Generation = YES;
				INFOPLIST_KEY_UIApplicationSupportsIndirectInputEvents = YES;
				INFOPLIST_KEY_UILaunchScreen_Generation = YES;
				INFOPLIST_KEY_UISupportedInterfaceOrientations_iPad = "UIInterfaceOrientationPortrait UIInterfaceOrientationPortraitUpsideDown UIInterfaceOrientationLandscapeLeft UIInterfaceOrientationLandscapeRight";
				INFOPLIST_KEY_UISupportedInterfaceOrientations_iPhone = "UIInterfaceOrientationPortrait UIInterfaceOrientationLandscapeLeft UIInterfaceOrientationLandscapeRight";
				LD_RUNPATH_SEARCH_PATHS = (
					"$(inherited)",
					"@executable_path/Frameworks",
				);
				MARKETING_VERSION = 1.0;
				PRODUCT_BUNDLE_IDENTIFIER = me.schwartz.marc.MovieBrowserNetworkingTrial;
				PRODUCT_NAME = "$(TARGET_NAME)";
				SWIFT_EMIT_LOC_STRINGS = YES;
				SWIFT_VERSION = 5.0;
				TARGETED_DEVICE_FAMILY = "1,2";
			};
			name = Release;
		};
/* End XCBuildConfiguration section */

/* Begin XCConfigurationList section */
		AF61BFA228B9386B005ACAEA /* Build configuration list for PBXProject "MovieBrowserNetworkingTrial" */ = {
			isa = XCConfigurationList;
			buildConfigurations = (
				AF61BFB328B9386C005ACAEA /* Debug */,
				AF61BFB428B9386C005ACAEA /* Release */,
			);
			defaultConfigurationIsVisible = 0;
			defaultConfigurationName = Release;
		};
		AF61BFB528B9386C005ACAEA /* Build configuration list for PBXNativeTarget "MovieBrowserNetworkingTrial" */ = {
			isa = XCConfigurationList;
			buildConfigurations = (
				AF61BFB628B9386C005ACAEA /* Debug */,
				AF61BFB728B9386C005ACAEA /* Release */,
			);
			defaultConfigurationIsVisible = 0;
			defaultConfigurationName = Release;
		};
/* End XCConfigurationList section */
	};
	rootObject = AF61BF9F28B9386B005ACAEA /* Project object */;
}
